
Microsoft Visual Studio Solution File, Format Version 12.00
# Visual Studio 15
VisualStudioVersion = 15.0.26430.14
MinimumVisualStudioVersion = 10.0.40219.1
Project("{FAE04EC0-301F-11D3-BF4B-00C04F79EFBC}") = "PTrust.LogProcessor", "PTrust.LogProcessor\PTrust.LogProcessor.csproj", "{5DA85358-704C-42A2-BA9B-2853395EF65A}"
EndProject
Project("{FAE04EC0-301F-11D3-BF4B-00C04F79EFBC}") = "PTrust.LogPublisher", "PTrust.LogPublisher\PTrust.LogPublisher.csproj", "{B95975D2-B805-4849-BA1C-45840EFA35CF}"
EndProject
Project("{FAE04EC0-301F-11D3-BF4B-00C04F79EFBC}") = "PTrust.LogMessages", "PTrust.LogMessages\PTrust.LogMessages.csproj", "{41D7982D-3ACB-43CE-A86C-20AC9DF7A3BF}"
EndProject
Global
	GlobalSection(SolutionConfigurationPlatforms) = preSolution
		Debug|Any CPU = Debug|Any CPU
		Release|Any CPU = Release|Any CPU
	EndGlobalSection
	GlobalSection(ProjectConfigurationPlatforms) = postSolution
		{5DA85358-704C-42A2-BA9B-2853395EF65A}.Debug|Any CPU.ActiveCfg = Debug|Any CPU
		{5DA85358-704C-42A2-BA9B-2853395EF65A}.Debug|Any CPU.Build.0 = Debug|Any CPU
		{5DA85358-704C-42A2-BA9B-2853395EF65A}.Release|Any CPU.ActiveCfg = Release|Any CPU
		{5DA85358-704C-42A2-BA9B-2853395EF65A}.Release|Any CPU.Build.0 = Release|Any CPU
		{B95975D2-B805-4849-BA1C-45840EFA35CF}.Debug|Any CPU.ActiveCfg = Debug|Any CPU
		{B95975D2-B805-4849-BA1C-45840EFA35CF}.Debug|Any CPU.Build.0 = Debug|Any CPU
		{B95975D2-B805-4849-BA1C-45840EFA35CF}.Release|Any CPU.ActiveCfg = Release|Any CPU
		{B95975D2-B805-4849-BA1C-45840EFA35CF}.Release|Any CPU.Build.0 = Release|Any CPU
		{41D7982D-3ACB-43CE-A86C-20AC9DF7A3BF}.Debug|Any CPU.ActiveCfg = Debug|Any CPU
		{41D7982D-3ACB-43CE-A86C-20AC9DF7A3BF}.Debug|Any CPU.Build.0 = Debug|Any CPU
		{41D7982D-3ACB-43CE-A86C-20AC9DF7A3BF}.Release|Any CPU.ActiveCfg = Release|Any CPU
		{41D7982D-3ACB-43CE-A86C-20AC9DF7A3BF}.Release|Any CPU.Build.0 = Release|Any CPU
	EndGlobalSection
	GlobalSection(SolutionProperties) = preSolution
		HideSolutionNode = FALSE
	EndGlobalSection
EndGlobal
